
Microsoft Visual Studio Solution File, Format Version 12.00
# Visual Studio Version 17
VisualStudioVersion = 17.1.32319.34
MinimumVisualStudioVersion = 10.0.40219.1
Project("{8BC9CEB8-8B4A-11D0-8D11-00A0C91BC942}") = "Blok2-Programowanie", "Blok2-Programowanie\Blok2-Programowanie.vcxproj", "{60107152-9631-42AB-AFA8-589EC2C6BFB9}"
EndProject
Project("{8BC9CEB8-8B4A-11D0-8D11-00A0C91BC942}") = "Zadanie1.1", "Zadanie1.1\Zadanie1.1.vcxproj", "{CFDCBEFE-BE1A-4A15-9241-2830E5AC7B61}"
EndProject
Project("{8BC9CEB8-8B4A-11D0-8D11-00A0C91BC942}") = "Zadanie1.2", "Zadanie1.2\Zadanie1.2.vcxproj", "{A81C3E33-B04F-4B4E-B361-5DF594C44DDE}"
EndProject
Project("{8BC9CEB8-8B4A-11D0-8D11-00A0C91BC942}") = "Zadanie1.3", "Zadanie1.3\Zadanie1.3.vcxproj", "{B203EF40-6799-403B-86F7-B6DB4F9E6B1E}"
EndProject
Project("{8BC9CEB8-8B4A-11D0-8D11-00A0C91BC942}") = "Zadanie1.4", "Zadanie1.4\Zadanie1.4.vcxproj", "{63C07B75-8D4D-4079-A3D3-7DC07B8B9E9E}"
EndProject
Project("{8BC9CEB8-8B4A-11D0-8D11-00A0C91BC942}") = "Zadanie1.5", "Zadanie1.5\Zadanie1.5.vcxproj", "{16775709-479E-4DE2-AF1E-BF36EAB97D00}"
EndProject
Project("{8BC9CEB8-8B4A-11D0-8D11-00A0C91BC942}") = "Zadanie1.6", "Zadanie1.6\Zadanie1.6.vcxproj", "{A74C963C-BBA7-45E9-993D-1322E400B9C1}"
EndProject
Project("{8BC9CEB8-8B4A-11D0-8D11-00A0C91BC942}") = "1.66", "1.66\1.66.vcxproj", "{28E0B5E7-6272-4CFE-B5A8-D26A30FCF135}"
EndProject
Project("{8BC9CEB8-8B4A-11D0-8D11-00A0C91BC942}") = "Zadanie.19", "Zadanie.19\Zadanie.19.vcxproj", "{93E8F582-58B0-4DA9-BDEA-87946F4B1A9E}"
EndProject
Project("{8BC9CEB8-8B4A-11D0-8D11-00A0C91BC942}") = "Zadanie2.1", "Zadanie2.1\Zadanie2.1.vcxproj", "{19052FEF-490A-4894-8D30-CD85D6771426}"
EndProject
Project("{8BC9CEB8-8B4A-11D0-8D11-00A0C91BC942}") = "Zadanie2.2", "Zadanie2.2\Zadanie2.2.vcxproj", "{E9EC99A8-3CB4-4E97-BD8F-5CCC9C8EC1C4}"
EndProject
Project("{8BC9CEB8-8B4A-11D0-8D11-00A0C91BC942}") = "Zadanie2.3", "Zadanie2.3\Zadanie2.3.vcxproj", "{5A6DD223-A405-4E1D-811A-B2D216594EAB}"
EndProject
Project("{8BC9CEB8-8B4A-11D0-8D11-00A0C91BC942}") = "Zadanie2.4", "Zadanie2.4\Zadanie2.4.vcxproj", "{883D4AC6-E8C0-4DBB-9A6F-E3C04489550C}"
EndProject
Project("{8BC9CEB8-8B4A-11D0-8D11-00A0C91BC942}") = "Zadanie2.5", "Zadanie2.5\Zadanie2.5.vcxproj", "{E7E02F27-E146-463B-947F-B581F62E8C94}"
EndProject
Project("{8BC9CEB8-8B4A-11D0-8D11-00A0C91BC942}") = "Zadanie1.7", "Zadanie1.7\Zadanie1.7.vcxproj", "{B9F53709-9CD5-4282-8CA3-DCDD35DA848B}"
EndProject
Project("{8BC9CEB8-8B4A-11D0-8D11-00A0C91BC942}") = "Zadanie2.44", "Zadanie2.44\Zadanie2.44.vcxproj", "{D1D3AF72-606C-4BDC-8B51-6DE567C9D174}"
EndProject
Project("{8BC9CEB8-8B4A-11D0-8D11-00A0C91BC942}") = "Zadanie1.8", "Zadanie1.8\Zadanie1.8.vcxproj", "{8237EB9A-86F3-480D-A736-FA9DE4872B39}"
EndProject
Project("{8BC9CEB8-8B4A-11D0-8D11-00A0C91BC942}") = "Zadanie2.6", "Zadanie2.6\Zadanie2.6.vcxproj", "{78B8273C-D3F1-4B7C-AFC4-240E9A991FFE}"
EndProject
Project("{8BC9CEB8-8B4A-11D0-8D11-00A0C91BC942}") = "Zadanie3.1", "Zadanie3.1\Zadanie3.1.vcxproj", "{D0BD3727-E867-48A0-AE8A-204619E70CA5}"
EndProject
Project("{8BC9CEB8-8B4A-11D0-8D11-00A0C91BC942}") = "Zadanie3.2", "Zadanie3.2\Zadanie3.2.vcxproj", "{496F487B-AF38-4894-9FD3-541465ED7E26}"
EndProject
Project("{8BC9CEB8-8B4A-11D0-8D11-00A0C91BC942}") = "Zadanie3.3", "Zadanie3.3\Zadanie3.3.vcxproj", "{7C76DA8C-9012-43FB-9B26-F78762830401}"
EndProject
Project("{8BC9CEB8-8B4A-11D0-8D11-00A0C91BC942}") = "Zadanie4.2", "Zadanie4.2\Zadanie4.2.vcxproj", "{82A9FDAD-A63D-4A60-ACC5-7BF01D892D65}"
EndProject
Project("{8BC9CEB8-8B4A-11D0-8D11-00A0C91BC942}") = "Zadanie4.3", "Zadanie4.3\Zadanie4.3.vcxproj", "{7B3CAAF0-1677-4998-B545-94D9CD650BC7}"
EndProject
Project("{8BC9CEB8-8B4A-11D0-8D11-00A0C91BC942}") = "Zadanie4.4", "Zadanie4.4\Zadanie4.4.vcxproj", "{C05BAB00-58F0-4F71-9F3C-AAA889EDC178}"
EndProject
Project("{8BC9CEB8-8B4A-11D0-8D11-00A0C91BC942}") = "Zadanie4.66", "Zadanie4.66\Zadanie4.66.vcxproj", "{360FA1FC-2EAE-45D9-A027-561D58D6D247}"
EndProject
Project("{8BC9CEB8-8B4A-11D0-8D11-00A0C91BC942}") = "Zadanie4.5", "Zadanie4.5\Zadanie4.5.vcxproj", "{0FDC77AC-DD96-4125-932B-C133BAF6133D}"
EndProject
Project("{8BC9CEB8-8B4A-11D0-8D11-00A0C91BC942}") = "Zadanie4.7", "Zadanie4.7\Zadanie4.7.vcxproj", "{1F2A5E45-B87A-40CE-AA57-5069EF690E18}"
EndProject
Project("{8BC9CEB8-8B4A-11D0-8D11-00A0C91BC942}") = "Zadanie4.8", "Zadanie4.8\Zadanie4.8.vcxproj", "{59D85610-6AA9-4F2C-9F19-A0608453B757}"
EndProject
Project("{8BC9CEB8-8B4A-11D0-8D11-00A0C91BC942}") = "Zadanie4.9", "Zadanie4.9\Zadanie4.9.vcxproj", "{004F427E-99A6-4A9E-9810-4F588AE8702A}"
EndProject
Project("{8BC9CEB8-8B4A-11D0-8D11-00A0C91BC942}") = "Zadanie4.10", "Zadanie4.10\Zadanie4.10.vcxproj", "{F1159634-758D-4B2E-9B08-C22FC551D7D5}"
EndProject
Project("{8BC9CEB8-8B4A-11D0-8D11-00A0C91BC942}") = "Zadanie4.88", "Zadanie4.88\Zadanie4.88.vcxproj", "{69E584A2-C996-4F18-85CD-017E05826EFB}"
EndProject
Project("{8BC9CEB8-8B4A-11D0-8D11-00A0C91BC942}") = "Zad5.1", "Zad5.1\Zad5.1.vcxproj", "{32BDFB4F-E118-40CD-8EED-AD12617B5D8D}"
EndProject
Project("{8BC9CEB8-8B4A-11D0-8D11-00A0C91BC942}") = "Zad5.2", "Zad5.2\Zad5.2.vcxproj", "{568C74DA-E86B-45B1-9657-287CDC9367FF}"
EndProject
Project("{8BC9CEB8-8B4A-11D0-8D11-00A0C91BC942}") = "Zadanie5.3", "Zadanie5.3\Zadanie5.3.vcxproj", "{772DC489-C67C-482C-BF8F-796E37B5E740}"
EndProject
Project("{8BC9CEB8-8B4A-11D0-8D11-00A0C91BC942}") = "Zadanie5.4", "Zadanie5.4\Zadanie5.4.vcxproj", "{F0C856ED-85ED-4AC7-8EEA-76078955B6E3}"
EndProject
Project("{8BC9CEB8-8B4A-11D0-8D11-00A0C91BC942}") = "Zadanie5.5", "Zadanie5.5\Zadanie5.5.vcxproj", "{9CC78DFD-DB7E-4205-822F-5A480165CBAF}"
EndProject
Project("{8BC9CEB8-8B4A-11D0-8D11-00A0C91BC942}") = "Zadanie5.7", "Zadanie5.7\Zadanie5.7.vcxproj", "{54748FDD-51A9-4035-947E-9F3E3690599D}"
EndProject
Project("{8BC9CEB8-8B4A-11D0-8D11-00A0C91BC942}") = "Zadanie5.8", "Zadanie5.8\Zadanie5.8.vcxproj", "{8487C14E-5DDC-4B19-99A9-C1100965B56B}"
EndProject
Project("{8BC9CEB8-8B4A-11D0-8D11-00A0C91BC942}") = "Zadanie5.9", "Zadanie5.9\Zadanie5.9.vcxproj", "{2E8264D4-D009-4F7B-A498-E603F561294A}"
EndProject
Project("{8BC9CEB8-8B4A-11D0-8D11-00A0C91BC942}") = "Zadanie5.10", "Zadanie5.10\Zadanie5.10.vcxproj", "{731F8B68-64EA-47EF-A4C8-0EBB5DA5FD63}"
EndProject
Project("{8BC9CEB8-8B4A-11D0-8D11-00A0C91BC942}") = "Zadanie5.6", "Zadanie5.6\Zadanie5.6.vcxproj", "{4CC7714C-19F9-4B87-8B53-B5C17BEDCAB1}"
EndProject
Project("{8BC9CEB8-8B4A-11D0-8D11-00A0C91BC942}") = "Zadanie6.1", "Zadanie6.2\Zadanie6.2.vcxproj", "{5C8320C0-B731-41A2-A223-39487F9537FE}"
EndProject
Project("{8BC9CEB8-8B4A-11D0-8D11-00A0C91BC942}") = "Zadanie6.1b", "Zadanie6.1b\Zadanie6.1b.vcxproj", "{1DA5265D-15D1-48C3-8B81-4FF11E20871B}"
EndProject
Project("{8BC9CEB8-8B4A-11D0-8D11-00A0C91BC942}") = "Zadanie5.99", "Zadanie5.99\Zadanie5.99.vcxproj", "{E1A6B906-3839-42E6-8E08-3687E5636383}"
EndProject
Project("{8BC9CEB8-8B4A-11D0-8D11-00A0C91BC942}") = "Zadanie7.1", "Zadanie7.1\Zadanie7.1.vcxproj", "{81650EE2-CDE2-4972-8538-6FFA0604E2D2}"
EndProject
Project("{8BC9CEB8-8B4A-11D0-8D11-00A0C91BC942}") = "Zadanie7.2", "Zadanie7.2\Zadanie7.2.vcxproj", "{B2359475-F083-4906-BF14-2942727A63A2}"
EndProject
Project("{8BC9CEB8-8B4A-11D0-8D11-00A0C91BC942}") = "Zadanie7.3", "Zadanie7.3\Zadanie7.3.vcxproj", "{B64B9C7D-E0DC-4C72-AE3F-32418273F113}"
EndProject
Project("{8BC9CEB8-8B4A-11D0-8D11-00A0C91BC942}") = "Zadanie7.4", "Zadanie7.4\Zadanie7.4.vcxproj", "{5725887A-454D-44D6-BC5B-0921F42AE98A}"
EndProject
Project("{8BC9CEB8-8B4A-11D0-8D11-00A0C91BC942}") = "Zadanie7.5", "Zadanie7.5\Zadanie7.5.vcxproj", "{BED7861A-5C47-445A-98EA-4F562D96F39B}"
EndProject
Project("{8BC9CEB8-8B4A-11D0-8D11-00A0C91BC942}") = "Zadanie7.8", "Zadanie7.8\Zadanie7.8.vcxproj", "{B386D710-411D-4171-BA44-8CF591B42AC4}"
EndProject
Project("{8BC9CEB8-8B4A-11D0-8D11-00A0C91BC942}") = "Zadanie7.11", "Zadanie7.11\Zadanie7.11.vcxproj", "{3EC99A6B-321B-4E93-A32E-2BB03079F40B}"
EndProject
Global
	GlobalSection(SolutionConfigurationPlatforms) = preSolution
		Debug|x64 = Debug|x64
		Debug|x86 = Debug|x86
		Release|x64 = Release|x64
		Release|x86 = Release|x86
	EndGlobalSection
	GlobalSection(ProjectConfigurationPlatforms) = postSolution
		{60107152-9631-42AB-AFA8-589EC2C6BFB9}.Debug|x64.ActiveCfg = Debug|x64
		{60107152-9631-42AB-AFA8-589EC2C6BFB9}.Debug|x64.Build.0 = Debug|x64
		{60107152-9631-42AB-AFA8-589EC2C6BFB9}.Debug|x86.ActiveCfg = Debug|Win32
		{60107152-9631-42AB-AFA8-589EC2C6BFB9}.Debug|x86.Build.0 = Debug|Win32
		{60107152-9631-42AB-AFA8-589EC2C6BFB9}.Release|x64.ActiveCfg = Release|x64
		{60107152-9631-42AB-AFA8-589EC2C6BFB9}.Release|x64.Build.0 = Release|x64
		{60107152-9631-42AB-AFA8-589EC2C6BFB9}.Release|x86.ActiveCfg = Release|Win32
		{60107152-9631-42AB-AFA8-589EC2C6BFB9}.Release|x86.Build.0 = Release|Win32
		{CFDCBEFE-BE1A-4A15-9241-2830E5AC7B61}.Debug|x64.ActiveCfg = Debug|x64
		{CFDCBEFE-BE1A-4A15-9241-2830E5AC7B61}.Debug|x64.Build.0 = Debug|x64
		{CFDCBEFE-BE1A-4A15-9241-2830E5AC7B61}.Debug|x86.ActiveCfg = Debug|Win32
		{CFDCBEFE-BE1A-4A15-9241-2830E5AC7B61}.Debug|x86.Build.0 = Debug|Win32
		{CFDCBEFE-BE1A-4A15-9241-2830E5AC7B61}.Release|x64.ActiveCfg = Release|x64
		{CFDCBEFE-BE1A-4A15-9241-2830E5AC7B61}.Release|x64.Build.0 = Release|x64
		{CFDCBEFE-BE1A-4A15-9241-2830E5AC7B61}.Release|x86.ActiveCfg = Release|Win32
		{CFDCBEFE-BE1A-4A15-9241-2830E5AC7B61}.Release|x86.Build.0 = Release|Win32
		{A81C3E33-B04F-4B4E-B361-5DF594C44DDE}.Debug|x64.ActiveCfg = Debug|x64
		{A81C3E33-B04F-4B4E-B361-5DF594C44DDE}.Debug|x64.Build.0 = Debug|x64
		{A81C3E33-B04F-4B4E-B361-5DF594C44DDE}.Debug|x86.ActiveCfg = Debug|Win32
		{A81C3E33-B04F-4B4E-B361-5DF594C44DDE}.Debug|x86.Build.0 = Debug|Win32
		{A81C3E33-B04F-4B4E-B361-5DF594C44DDE}.Release|x64.ActiveCfg = Release|x64
		{A81C3E33-B04F-4B4E-B361-5DF594C44DDE}.Release|x64.Build.0 = Release|x64
		{A81C3E33-B04F-4B4E-B361-5DF594C44DDE}.Release|x86.ActiveCfg = Release|Win32
		{A81C3E33-B04F-4B4E-B361-5DF594C44DDE}.Release|x86.Build.0 = Release|Win32
		{B203EF40-6799-403B-86F7-B6DB4F9E6B1E}.Debug|x64.ActiveCfg = Debug|x64
		{B203EF40-6799-403B-86F7-B6DB4F9E6B1E}.Debug|x64.Build.0 = Debug|x64
		{B203EF40-6799-403B-86F7-B6DB4F9E6B1E}.Debug|x86.ActiveCfg = Debug|Win32
		{B203EF40-6799-403B-86F7-B6DB4F9E6B1E}.Debug|x86.Build.0 = Debug|Win32
		{B203EF40-6799-403B-86F7-B6DB4F9E6B1E}.Release|x64.ActiveCfg = Release|x64
		{B203EF40-6799-403B-86F7-B6DB4F9E6B1E}.Release|x64.Build.0 = Release|x64
		{B203EF40-6799-403B-86F7-B6DB4F9E6B1E}.Release|x86.ActiveCfg = Release|Win32
		{B203EF40-6799-403B-86F7-B6DB4F9E6B1E}.Release|x86.Build.0 = Release|Win32
		{63C07B75-8D4D-4079-A3D3-7DC07B8B9E9E}.Debug|x64.ActiveCfg = Debug|x64
		{63C07B75-8D4D-4079-A3D3-7DC07B8B9E9E}.Debug|x64.Build.0 = Debug|x64
		{63C07B75-8D4D-4079-A3D3-7DC07B8B9E9E}.Debug|x86.ActiveCfg = Debug|Win32
		{63C07B75-8D4D-4079-A3D3-7DC07B8B9E9E}.Debug|x86.Build.0 = Debug|Win32
		{63C07B75-8D4D-4079-A3D3-7DC07B8B9E9E}.Release|x64.ActiveCfg = Release|x64
		{63C07B75-8D4D-4079-A3D3-7DC07B8B9E9E}.Release|x64.Build.0 = Release|x64
		{63C07B75-8D4D-4079-A3D3-7DC07B8B9E9E}.Release|x86.ActiveCfg = Release|Win32
		{63C07B75-8D4D-4079-A3D3-7DC07B8B9E9E}.Release|x86.Build.0 = Release|Win32
		{16775709-479E-4DE2-AF1E-BF36EAB97D00}.Debug|x64.ActiveCfg = Debug|x64
		{16775709-479E-4DE2-AF1E-BF36EAB97D00}.Debug|x64.Build.0 = Debug|x64
		{16775709-479E-4DE2-AF1E-BF36EAB97D00}.Debug|x86.ActiveCfg = Debug|Win32
		{16775709-479E-4DE2-AF1E-BF36EAB97D00}.Debug|x86.Build.0 = Debug|Win32
		{16775709-479E-4DE2-AF1E-BF36EAB97D00}.Release|x64.ActiveCfg = Release|x64
		{16775709-479E-4DE2-AF1E-BF36EAB97D00}.Release|x64.Build.0 = Release|x64
		{16775709-479E-4DE2-AF1E-BF36EAB97D00}.Release|x86.ActiveCfg = Release|Win32
		{16775709-479E-4DE2-AF1E-BF36EAB97D00}.Release|x86.Build.0 = Release|Win32
		{A74C963C-BBA7-45E9-993D-1322E400B9C1}.Debug|x64.ActiveCfg = Debug|x64
		{A74C963C-BBA7-45E9-993D-1322E400B9C1}.Debug|x64.Build.0 = Debug|x64
		{A74C963C-BBA7-45E9-993D-1322E400B9C1}.Debug|x86.ActiveCfg = Debug|Win32
		{A74C963C-BBA7-45E9-993D-1322E400B9C1}.Debug|x86.Build.0 = Debug|Win32
		{A74C963C-BBA7-45E9-993D-1322E400B9C1}.Release|x64.ActiveCfg = Release|x64
		{A74C963C-BBA7-45E9-993D-1322E400B9C1}.Release|x64.Build.0 = Release|x64
		{A74C963C-BBA7-45E9-993D-1322E400B9C1}.Release|x86.ActiveCfg = Release|Win32
		{A74C963C-BBA7-45E9-993D-1322E400B9C1}.Release|x86.Build.0 = Release|Win32
		{28E0B5E7-6272-4CFE-B5A8-D26A30FCF135}.Debug|x64.ActiveCfg = Debug|x64
		{28E0B5E7-6272-4CFE-B5A8-D26A30FCF135}.Debug|x64.Build.0 = Debug|x64
		{28E0B5E7-6272-4CFE-B5A8-D26A30FCF135}.Debug|x86.ActiveCfg = Debug|Win32
		{28E0B5E7-6272-4CFE-B5A8-D26A30FCF135}.Debug|x86.Build.0 = Debug|Win32
		{28E0B5E7-6272-4CFE-B5A8-D26A30FCF135}.Release|x64.ActiveCfg = Release|x64
		{28E0B5E7-6272-4CFE-B5A8-D26A30FCF135}.Release|x64.Build.0 = Release|x64
		{28E0B5E7-6272-4CFE-B5A8-D26A30FCF135}.Release|x86.ActiveCfg = Release|Win32
		{28E0B5E7-6272-4CFE-B5A8-D26A30FCF135}.Release|x86.Build.0 = Release|Win32
		{93E8F582-58B0-4DA9-BDEA-87946F4B1A9E}.Debug|x64.ActiveCfg = Debug|x64
		{93E8F582-58B0-4DA9-BDEA-87946F4B1A9E}.Debug|x64.Build.0 = Debug|x64
		{93E8F582-58B0-4DA9-BDEA-87946F4B1A9E}.Debug|x86.ActiveCfg = Debug|Win32
		{93E8F582-58B0-4DA9-BDEA-87946F4B1A9E}.Debug|x86.Build.0 = Debug|Win32
		{93E8F582-58B0-4DA9-BDEA-87946F4B1A9E}.Release|x64.ActiveCfg = Release|x64
		{93E8F582-58B0-4DA9-BDEA-87946F4B1A9E}.Release|x64.Build.0 = Release|x64
		{93E8F582-58B0-4DA9-BDEA-87946F4B1A9E}.Release|x86.ActiveCfg = Release|Win32
		{93E8F582-58B0-4DA9-BDEA-87946F4B1A9E}.Release|x86.Build.0 = Release|Win32
		{19052FEF-490A-4894-8D30-CD85D6771426}.Debug|x64.ActiveCfg = Debug|x64
		{19052FEF-490A-4894-8D30-CD85D6771426}.Debug|x64.Build.0 = Debug|x64
		{19052FEF-490A-4894-8D30-CD85D6771426}.Debug|x86.ActiveCfg = Debug|Win32
		{19052FEF-490A-4894-8D30-CD85D6771426}.Debug|x86.Build.0 = Debug|Win32
		{19052FEF-490A-4894-8D30-CD85D6771426}.Release|x64.ActiveCfg = Release|x64
		{19052FEF-490A-4894-8D30-CD85D6771426}.Release|x64.Build.0 = Release|x64
		{19052FEF-490A-4894-8D30-CD85D6771426}.Release|x86.ActiveCfg = Release|Win32
		{19052FEF-490A-4894-8D30-CD85D6771426}.Release|x86.Build.0 = Release|Win32
		{E9EC99A8-3CB4-4E97-BD8F-5CCC9C8EC1C4}.Debug|x64.ActiveCfg = Debug|x64
		{E9EC99A8-3CB4-4E97-BD8F-5CCC9C8EC1C4}.Debug|x64.Build.0 = Debug|x64
		{E9EC99A8-3CB4-4E97-BD8F-5CCC9C8EC1C4}.Debug|x86.ActiveCfg = Debug|Win32
		{E9EC99A8-3CB4-4E97-BD8F-5CCC9C8EC1C4}.Debug|x86.Build.0 = Debug|Win32
		{E9EC99A8-3CB4-4E97-BD8F-5CCC9C8EC1C4}.Release|x64.ActiveCfg = Release|x64
		{E9EC99A8-3CB4-4E97-BD8F-5CCC9C8EC1C4}.Release|x64.Build.0 = Release|x64
		{E9EC99A8-3CB4-4E97-BD8F-5CCC9C8EC1C4}.Release|x86.ActiveCfg = Release|Win32
		{E9EC99A8-3CB4-4E97-BD8F-5CCC9C8EC1C4}.Release|x86.Build.0 = Release|Win32
		{5A6DD223-A405-4E1D-811A-B2D216594EAB}.Debug|x64.ActiveCfg = Debug|x64
		{5A6DD223-A405-4E1D-811A-B2D216594EAB}.Debug|x64.Build.0 = Debug|x64
		{5A6DD223-A405-4E1D-811A-B2D216594EAB}.Debug|x86.ActiveCfg = Debug|Win32
		{5A6DD223-A405-4E1D-811A-B2D216594EAB}.Debug|x86.Build.0 = Debug|Win32
		{5A6DD223-A405-4E1D-811A-B2D216594EAB}.Release|x64.ActiveCfg = Release|x64
		{5A6DD223-A405-4E1D-811A-B2D216594EAB}.Release|x64.Build.0 = Release|x64
		{5A6DD223-A405-4E1D-811A-B2D216594EAB}.Release|x86.ActiveCfg = Release|Win32
		{5A6DD223-A405-4E1D-811A-B2D216594EAB}.Release|x86.Build.0 = Release|Win32
		{883D4AC6-E8C0-4DBB-9A6F-E3C04489550C}.Debug|x64.ActiveCfg = Debug|x64
		{883D4AC6-E8C0-4DBB-9A6F-E3C04489550C}.Debug|x64.Build.0 = Debug|x64
		{883D4AC6-E8C0-4DBB-9A6F-E3C04489550C}.Debug|x86.ActiveCfg = Debug|Win32
		{883D4AC6-E8C0-4DBB-9A6F-E3C04489550C}.Debug|x86.Build.0 = Debug|Win32
		{883D4AC6-E8C0-4DBB-9A6F-E3C04489550C}.Release|x64.ActiveCfg = Release|x64
		{883D4AC6-E8C0-4DBB-9A6F-E3C04489550C}.Release|x64.Build.0 = Release|x64
		{883D4AC6-E8C0-4DBB-9A6F-E3C04489550C}.Release|x86.ActiveCfg = Release|Win32
		{883D4AC6-E8C0-4DBB-9A6F-E3C04489550C}.Release|x86.Build.0 = Release|Win32
		{E7E02F27-E146-463B-947F-B581F62E8C94}.Debug|x64.ActiveCfg = Debug|x64
		{E7E02F27-E146-463B-947F-B581F62E8C94}.Debug|x64.Build.0 = Debug|x64
		{E7E02F27-E146-463B-947F-B581F62E8C94}.Debug|x86.ActiveCfg = Debug|Win32
		{E7E02F27-E146-463B-947F-B581F62E8C94}.Debug|x86.Build.0 = Debug|Win32
		{E7E02F27-E146-463B-947F-B581F62E8C94}.Release|x64.ActiveCfg = Release|x64
		{E7E02F27-E146-463B-947F-B581F62E8C94}.Release|x64.Build.0 = Release|x64
		{E7E02F27-E146-463B-947F-B581F62E8C94}.Release|x86.ActiveCfg = Release|Win32
		{E7E02F27-E146-463B-947F-B581F62E8C94}.Release|x86.Build.0 = Release|Win32
		{B9F53709-9CD5-4282-8CA3-DCDD35DA848B}.Debug|x64.ActiveCfg = Debug|x64
		{B9F53709-9CD5-4282-8CA3-DCDD35DA848B}.Debug|x64.Build.0 = Debug|x64
		{B9F53709-9CD5-4282-8CA3-DCDD35DA848B}.Debug|x86.ActiveCfg = Debug|Win32
		{B9F53709-9CD5-4282-8CA3-DCDD35DA848B}.Debug|x86.Build.0 = Debug|Win32
		{B9F53709-9CD5-4282-8CA3-DCDD35DA848B}.Release|x64.ActiveCfg = Release|x64
		{B9F53709-9CD5-4282-8CA3-DCDD35DA848B}.Release|x64.Build.0 = Release|x64
		{B9F53709-9CD5-4282-8CA3-DCDD35DA848B}.Release|x86.ActiveCfg = Release|Win32
		{B9F53709-9CD5-4282-8CA3-DCDD35DA848B}.Release|x86.Build.0 = Release|Win32
		{D1D3AF72-606C-4BDC-8B51-6DE567C9D174}.Debug|x64.ActiveCfg = Debug|x64
		{D1D3AF72-606C-4BDC-8B51-6DE567C9D174}.Debug|x64.Build.0 = Debug|x64
		{D1D3AF72-606C-4BDC-8B51-6DE567C9D174}.Debug|x86.ActiveCfg = Debug|Win32
		{D1D3AF72-606C-4BDC-8B51-6DE567C9D174}.Debug|x86.Build.0 = Debug|Win32
		{D1D3AF72-606C-4BDC-8B51-6DE567C9D174}.Release|x64.ActiveCfg = Release|x64
		{D1D3AF72-606C-4BDC-8B51-6DE567C9D174}.Release|x64.Build.0 = Release|x64
		{D1D3AF72-606C-4BDC-8B51-6DE567C9D174}.Release|x86.ActiveCfg = Release|Win32
		{D1D3AF72-606C-4BDC-8B51-6DE567C9D174}.Release|x86.Build.0 = Release|Win32
		{8237EB9A-86F3-480D-A736-FA9DE4872B39}.Debug|x64.ActiveCfg = Debug|x64
		{8237EB9A-86F3-480D-A736-FA9DE4872B39}.Debug|x64.Build.0 = Debug|x64
		{8237EB9A-86F3-480D-A736-FA9DE4872B39}.Debug|x86.ActiveCfg = Debug|Win32
		{8237EB9A-86F3-480D-A736-FA9DE4872B39}.Debug|x86.Build.0 = Debug|Win32
		{8237EB9A-86F3-480D-A736-FA9DE4872B39}.Release|x64.ActiveCfg = Release|x64
		{8237EB9A-86F3-480D-A736-FA9DE4872B39}.Release|x64.Build.0 = Release|x64
		{8237EB9A-86F3-480D-A736-FA9DE4872B39}.Release|x86.ActiveCfg = Release|Win32
		{8237EB9A-86F3-480D-A736-FA9DE4872B39}.Release|x86.Build.0 = Release|Win32
		{78B8273C-D3F1-4B7C-AFC4-240E9A991FFE}.Debug|x64.ActiveCfg = Debug|x64
		{78B8273C-D3F1-4B7C-AFC4-240E9A991FFE}.Debug|x64.Build.0 = Debug|x64
		{78B8273C-D3F1-4B7C-AFC4-240E9A991FFE}.Debug|x86.ActiveCfg = Debug|Win32
		{78B8273C-D3F1-4B7C-AFC4-240E9A991FFE}.Debug|x86.Build.0 = Debug|Win32
		{78B8273C-D3F1-4B7C-AFC4-240E9A991FFE}.Release|x64.ActiveCfg = Release|x64
		{78B8273C-D3F1-4B7C-AFC4-240E9A991FFE}.Release|x64.Build.0 = Release|x64
		{78B8273C-D3F1-4B7C-AFC4-240E9A991FFE}.Release|x86.ActiveCfg = Release|Win32
		{78B8273C-D3F1-4B7C-AFC4-240E9A991FFE}.Release|x86.Build.0 = Release|Win32
		{D0BD3727-E867-48A0-AE8A-204619E70CA5}.Debug|x64.ActiveCfg = Debug|x64
		{D0BD3727-E867-48A0-AE8A-204619E70CA5}.Debug|x64.Build.0 = Debug|x64
		{D0BD3727-E867-48A0-AE8A-204619E70CA5}.Debug|x86.ActiveCfg = Debug|Win32
		{D0BD3727-E867-48A0-AE8A-204619E70CA5}.Debug|x86.Build.0 = Debug|Win32
		{D0BD3727-E867-48A0-AE8A-204619E70CA5}.Release|x64.ActiveCfg = Release|x64
		{D0BD3727-E867-48A0-AE8A-204619E70CA5}.Release|x64.Build.0 = Release|x64
		{D0BD3727-E867-48A0-AE8A-204619E70CA5}.Release|x86.ActiveCfg = Release|Win32
		{D0BD3727-E867-48A0-AE8A-204619E70CA5}.Release|x86.Build.0 = Release|Win32
		{496F487B-AF38-4894-9FD3-541465ED7E26}.Debug|x64.ActiveCfg = Debug|x64
		{496F487B-AF38-4894-9FD3-541465ED7E26}.Debug|x64.Build.0 = Debug|x64
		{496F487B-AF38-4894-9FD3-541465ED7E26}.Debug|x86.ActiveCfg = Debug|Win32
		{496F487B-AF38-4894-9FD3-541465ED7E26}.Debug|x86.Build.0 = Debug|Win32
		{496F487B-AF38-4894-9FD3-541465ED7E26}.Release|x64.ActiveCfg = Release|x64
		{496F487B-AF38-4894-9FD3-541465ED7E26}.Release|x64.Build.0 = Release|x64
		{496F487B-AF38-4894-9FD3-541465ED7E26}.Release|x86.ActiveCfg = Release|Win32
		{496F487B-AF38-4894-9FD3-541465ED7E26}.Release|x86.Build.0 = Release|Win32
		{7C76DA8C-9012-43FB-9B26-F78762830401}.Debug|x64.ActiveCfg = Debug|x64
		{7C76DA8C-9012-43FB-9B26-F78762830401}.Debug|x64.Build.0 = Debug|x64
		{7C76DA8C-9012-43FB-9B26-F78762830401}.Debug|x86.ActiveCfg = Debug|Win32
		{7C76DA8C-9012-43FB-9B26-F78762830401}.Debug|x86.Build.0 = Debug|Win32
		{7C76DA8C-9012-43FB-9B26-F78762830401}.Release|x64.ActiveCfg = Release|x64
		{7C76DA8C-9012-43FB-9B26-F78762830401}.Release|x64.Build.0 = Release|x64
		{7C76DA8C-9012-43FB-9B26-F78762830401}.Release|x86.ActiveCfg = Release|Win32
		{7C76DA8C-9012-43FB-9B26-F78762830401}.Release|x86.Build.0 = Release|Win32
		{82A9FDAD-A63D-4A60-ACC5-7BF01D892D65}.Debug|x64.ActiveCfg = Debug|x64
		{82A9FDAD-A63D-4A60-ACC5-7BF01D892D65}.Debug|x64.Build.0 = Debug|x64
		{82A9FDAD-A63D-4A60-ACC5-7BF01D892D65}.Debug|x86.ActiveCfg = Debug|Win32
		{82A9FDAD-A63D-4A60-ACC5-7BF01D892D65}.Debug|x86.Build.0 = Debug|Win32
		{82A9FDAD-A63D-4A60-ACC5-7BF01D892D65}.Release|x64.ActiveCfg = Release|x64
		{82A9FDAD-A63D-4A60-ACC5-7BF01D892D65}.Release|x64.Build.0 = Release|x64
		{82A9FDAD-A63D-4A60-ACC5-7BF01D892D65}.Release|x86.ActiveCfg = Release|Win32
		{82A9FDAD-A63D-4A60-ACC5-7BF01D892D65}.Release|x86.Build.0 = Release|Win32
		{7B3CAAF0-1677-4998-B545-94D9CD650BC7}.Debug|x64.ActiveCfg = Debug|x64
		{7B3CAAF0-1677-4998-B545-94D9CD650BC7}.Debug|x64.Build.0 = Debug|x64
		{7B3CAAF0-1677-4998-B545-94D9CD650BC7}.Debug|x86.ActiveCfg = Debug|Win32
		{7B3CAAF0-1677-4998-B545-94D9CD650BC7}.Debug|x86.Build.0 = Debug|Win32
		{7B3CAAF0-1677-4998-B545-94D9CD650BC7}.Release|x64.ActiveCfg = Release|x64
		{7B3CAAF0-1677-4998-B545-94D9CD650BC7}.Release|x64.Build.0 = Release|x64
		{7B3CAAF0-1677-4998-B545-94D9CD650BC7}.Release|x86.ActiveCfg = Release|Win32
		{7B3CAAF0-1677-4998-B545-94D9CD650BC7}.Release|x86.Build.0 = Release|Win32
		{C05BAB00-58F0-4F71-9F3C-AAA889EDC178}.Debug|x64.ActiveCfg = Debug|x64
		{C05BAB00-58F0-4F71-9F3C-AAA889EDC178}.Debug|x64.Build.0 = Debug|x64
		{C05BAB00-58F0-4F71-9F3C-AAA889EDC178}.Debug|x86.ActiveCfg = Debug|Win32
		{C05BAB00-58F0-4F71-9F3C-AAA889EDC178}.Debug|x86.Build.0 = Debug|Win32
		{C05BAB00-58F0-4F71-9F3C-AAA889EDC178}.Release|x64.ActiveCfg = Release|x64
		{C05BAB00-58F0-4F71-9F3C-AAA889EDC178}.Release|x64.Build.0 = Release|x64
		{C05BAB00-58F0-4F71-9F3C-AAA889EDC178}.Release|x86.ActiveCfg = Release|Win32
		{C05BAB00-58F0-4F71-9F3C-AAA889EDC178}.Release|x86.Build.0 = Release|Win32
		{360FA1FC-2EAE-45D9-A027-561D58D6D247}.Debug|x64.ActiveCfg = Debug|x64
		{360FA1FC-2EAE-45D9-A027-561D58D6D247}.Debug|x64.Build.0 = Debug|x64
		{360FA1FC-2EAE-45D9-A027-561D58D6D247}.Debug|x86.ActiveCfg = Debug|Win32
		{360FA1FC-2EAE-45D9-A027-561D58D6D247}.Debug|x86.Build.0 = Debug|Win32
		{360FA1FC-2EAE-45D9-A027-561D58D6D247}.Release|x64.ActiveCfg = Release|x64
		{360FA1FC-2EAE-45D9-A027-561D58D6D247}.Release|x64.Build.0 = Release|x64
		{360FA1FC-2EAE-45D9-A027-561D58D6D247}.Release|x86.ActiveCfg = Release|Win32
		{360FA1FC-2EAE-45D9-A027-561D58D6D247}.Release|x86.Build.0 = Release|Win32
		{0FDC77AC-DD96-4125-932B-C133BAF6133D}.Debug|x64.ActiveCfg = Debug|x64
		{0FDC77AC-DD96-4125-932B-C133BAF6133D}.Debug|x64.Build.0 = Debug|x64
		{0FDC77AC-DD96-4125-932B-C133BAF6133D}.Debug|x86.ActiveCfg = Debug|Win32
		{0FDC77AC-DD96-4125-932B-C133BAF6133D}.Debug|x86.Build.0 = Debug|Win32
		{0FDC77AC-DD96-4125-932B-C133BAF6133D}.Release|x64.ActiveCfg = Release|x64
		{0FDC77AC-DD96-4125-932B-C133BAF6133D}.Release|x64.Build.0 = Release|x64
		{0FDC77AC-DD96-4125-932B-C133BAF6133D}.Release|x86.ActiveCfg = Release|Win32
		{0FDC77AC-DD96-4125-932B-C133BAF6133D}.Release|x86.Build.0 = Release|Win32
		{1F2A5E45-B87A-40CE-AA57-5069EF690E18}.Debug|x64.ActiveCfg = Debug|x64
		{1F2A5E45-B87A-40CE-AA57-5069EF690E18}.Debug|x64.Build.0 = Debug|x64
		{1F2A5E45-B87A-40CE-AA57-5069EF690E18}.Debug|x86.ActiveCfg = Debug|Win32
		{1F2A5E45-B87A-40CE-AA57-5069EF690E18}.Debug|x86.Build.0 = Debug|Win32
		{1F2A5E45-B87A-40CE-AA57-5069EF690E18}.Release|x64.ActiveCfg = Release|x64
		{1F2A5E45-B87A-40CE-AA57-5069EF690E18}.Release|x64.Build.0 = Release|x64
		{1F2A5E45-B87A-40CE-AA57-5069EF690E18}.Release|x86.ActiveCfg = Release|Win32
		{1F2A5E45-B87A-40CE-AA57-5069EF690E18}.Release|x86.Build.0 = Release|Win32
		{59D85610-6AA9-4F2C-9F19-A0608453B757}.Debug|x64.ActiveCfg = Debug|x64
		{59D85610-6AA9-4F2C-9F19-A0608453B757}.Debug|x64.Build.0 = Debug|x64
		{59D85610-6AA9-4F2C-9F19-A0608453B757}.Debug|x86.ActiveCfg = Debug|Win32
		{59D85610-6AA9-4F2C-9F19-A0608453B757}.Debug|x86.Build.0 = Debug|Win32
		{59D85610-6AA9-4F2C-9F19-A0608453B757}.Release|x64.ActiveCfg = Release|x64
		{59D85610-6AA9-4F2C-9F19-A0608453B757}.Release|x64.Build.0 = Release|x64
		{59D85610-6AA9-4F2C-9F19-A0608453B757}.Release|x86.ActiveCfg = Release|Win32
		{59D85610-6AA9-4F2C-9F19-A0608453B757}.Release|x86.Build.0 = Release|Win32
		{004F427E-99A6-4A9E-9810-4F588AE8702A}.Debug|x64.ActiveCfg = Debug|x64
		{004F427E-99A6-4A9E-9810-4F588AE8702A}.Debug|x64.Build.0 = Debug|x64
		{004F427E-99A6-4A9E-9810-4F588AE8702A}.Debug|x86.ActiveCfg = Debug|Win32
		{004F427E-99A6-4A9E-9810-4F588AE8702A}.Debug|x86.Build.0 = Debug|Win32
		{004F427E-99A6-4A9E-9810-4F588AE8702A}.Release|x64.ActiveCfg = Release|x64
		{004F427E-99A6-4A9E-9810-4F588AE8702A}.Release|x64.Build.0 = Release|x64
		{004F427E-99A6-4A9E-9810-4F588AE8702A}.Release|x86.ActiveCfg = Release|Win32
		{004F427E-99A6-4A9E-9810-4F588AE8702A}.Release|x86.Build.0 = Release|Win32
		{F1159634-758D-4B2E-9B08-C22FC551D7D5}.Debug|x64.ActiveCfg = Debug|x64
		{F1159634-758D-4B2E-9B08-C22FC551D7D5}.Debug|x64.Build.0 = Debug|x64
		{F1159634-758D-4B2E-9B08-C22FC551D7D5}.Debug|x86.ActiveCfg = Debug|Win32
		{F1159634-758D-4B2E-9B08-C22FC551D7D5}.Debug|x86.Build.0 = Debug|Win32
		{F1159634-758D-4B2E-9B08-C22FC551D7D5}.Release|x64.ActiveCfg = Release|x64
		{F1159634-758D-4B2E-9B08-C22FC551D7D5}.Release|x64.Build.0 = Release|x64
		{F1159634-758D-4B2E-9B08-C22FC551D7D5}.Release|x86.ActiveCfg = Release|Win32
		{F1159634-758D-4B2E-9B08-C22FC551D7D5}.Release|x86.Build.0 = Release|Win32
		{69E584A2-C996-4F18-85CD-017E05826EFB}.Debug|x64.ActiveCfg = Debug|x64
		{69E584A2-C996-4F18-85CD-017E05826EFB}.Debug|x64.Build.0 = Debug|x64
		{69E584A2-C996-4F18-85CD-017E05826EFB}.Debug|x86.ActiveCfg = Debug|Win32
		{69E584A2-C996-4F18-85CD-017E05826EFB}.Debug|x86.Build.0 = Debug|Win32
		{69E584A2-C996-4F18-85CD-017E05826EFB}.Release|x64.ActiveCfg = Release|x64
		{69E584A2-C996-4F18-85CD-017E05826EFB}.Release|x64.Build.0 = Release|x64
		{69E584A2-C996-4F18-85CD-017E05826EFB}.Release|x86.ActiveCfg = Release|Win32
		{69E584A2-C996-4F18-85CD-017E05826EFB}.Release|x86.Build.0 = Release|Win32
		{32BDFB4F-E118-40CD-8EED-AD12617B5D8D}.Debug|x64.ActiveCfg = Debug|x64
		{32BDFB4F-E118-40CD-8EED-AD12617B5D8D}.Debug|x64.Build.0 = Debug|x64
		{32BDFB4F-E118-40CD-8EED-AD12617B5D8D}.Debug|x86.ActiveCfg = Debug|Win32
		{32BDFB4F-E118-40CD-8EED-AD12617B5D8D}.Debug|x86.Build.0 = Debug|Win32
		{32BDFB4F-E118-40CD-8EED-AD12617B5D8D}.Release|x64.ActiveCfg = Release|x64
		{32BDFB4F-E118-40CD-8EED-AD12617B5D8D}.Release|x64.Build.0 = Release|x64
		{32BDFB4F-E118-40CD-8EED-AD12617B5D8D}.Release|x86.ActiveCfg = Release|Win32
		{32BDFB4F-E118-40CD-8EED-AD12617B5D8D}.Release|x86.Build.0 = Release|Win32
		{568C74DA-E86B-45B1-9657-287CDC9367FF}.Debug|x64.ActiveCfg = Debug|x64
		{568C74DA-E86B-45B1-9657-287CDC9367FF}.Debug|x64.Build.0 = Debug|x64
		{568C74DA-E86B-45B1-9657-287CDC9367FF}.Debug|x86.ActiveCfg = Debug|Win32
		{568C74DA-E86B-45B1-9657-287CDC9367FF}.Debug|x86.Build.0 = Debug|Win32
		{568C74DA-E86B-45B1-9657-287CDC9367FF}.Release|x64.ActiveCfg = Release|x64
		{568C74DA-E86B-45B1-9657-287CDC9367FF}.Release|x64.Build.0 = Release|x64
		{568C74DA-E86B-45B1-9657-287CDC9367FF}.Release|x86.ActiveCfg = Release|Win32
		{568C74DA-E86B-45B1-9657-287CDC9367FF}.Release|x86.Build.0 = Release|Win32
		{772DC489-C67C-482C-BF8F-796E37B5E740}.Debug|x64.ActiveCfg = Debug|x64
		{772DC489-C67C-482C-BF8F-796E37B5E740}.Debug|x64.Build.0 = Debug|x64
		{772DC489-C67C-482C-BF8F-796E37B5E740}.Debug|x86.ActiveCfg = Debug|Win32
		{772DC489-C67C-482C-BF8F-796E37B5E740}.Debug|x86.Build.0 = Debug|Win32
		{772DC489-C67C-482C-BF8F-796E37B5E740}.Release|x64.ActiveCfg = Release|x64
		{772DC489-C67C-482C-BF8F-796E37B5E740}.Release|x64.Build.0 = Release|x64
		{772DC489-C67C-482C-BF8F-796E37B5E740}.Release|x86.ActiveCfg = Release|Win32
		{772DC489-C67C-482C-BF8F-796E37B5E740}.Release|x86.Build.0 = Release|Win32
		{F0C856ED-85ED-4AC7-8EEA-76078955B6E3}.Debug|x64.ActiveCfg = Debug|x64
		{F0C856ED-85ED-4AC7-8EEA-76078955B6E3}.Debug|x64.Build.0 = Debug|x64
		{F0C856ED-85ED-4AC7-8EEA-76078955B6E3}.Debug|x86.ActiveCfg = Debug|Win32
		{F0C856ED-85ED-4AC7-8EEA-76078955B6E3}.Debug|x86.Build.0 = Debug|Win32
		{F0C856ED-85ED-4AC7-8EEA-76078955B6E3}.Release|x64.ActiveCfg = Release|x64
		{F0C856ED-85ED-4AC7-8EEA-76078955B6E3}.Release|x64.Build.0 = Release|x64
		{F0C856ED-85ED-4AC7-8EEA-76078955B6E3}.Release|x86.ActiveCfg = Release|Win32
		{F0C856ED-85ED-4AC7-8EEA-76078955B6E3}.Release|x86.Build.0 = Release|Win32
		{9CC78DFD-DB7E-4205-822F-5A480165CBAF}.Debug|x64.ActiveCfg = Debug|x64
		{9CC78DFD-DB7E-4205-822F-5A480165CBAF}.Debug|x64.Build.0 = Debug|x64
		{9CC78DFD-DB7E-4205-822F-5A480165CBAF}.Debug|x86.ActiveCfg = Debug|Win32
		{9CC78DFD-DB7E-4205-822F-5A480165CBAF}.Debug|x86.Build.0 = Debug|Win32
		{9CC78DFD-DB7E-4205-822F-5A480165CBAF}.Release|x64.ActiveCfg = Release|x64
		{9CC78DFD-DB7E-4205-822F-5A480165CBAF}.Release|x64.Build.0 = Release|x64
		{9CC78DFD-DB7E-4205-822F-5A480165CBAF}.Release|x86.ActiveCfg = Release|Win32
		{9CC78DFD-DB7E-4205-822F-5A480165CBAF}.Release|x86.Build.0 = Release|Win32
		{54748FDD-51A9-4035-947E-9F3E3690599D}.Debug|x64.ActiveCfg = Debug|x64
		{54748FDD-51A9-4035-947E-9F3E3690599D}.Debug|x64.Build.0 = Debug|x64
		{54748FDD-51A9-4035-947E-9F3E3690599D}.Debug|x86.ActiveCfg = Debug|Win32
		{54748FDD-51A9-4035-947E-9F3E3690599D}.Debug|x86.Build.0 = Debug|Win32
		{54748FDD-51A9-4035-947E-9F3E3690599D}.Release|x64.ActiveCfg = Release|x64
		{54748FDD-51A9-4035-947E-9F3E3690599D}.Release|x64.Build.0 = Release|x64
		{54748FDD-51A9-4035-947E-9F3E3690599D}.Release|x86.ActiveCfg = Release|Win32
		{54748FDD-51A9-4035-947E-9F3E3690599D}.Release|x86.Build.0 = Release|Win32
		{8487C14E-5DDC-4B19-99A9-C1100965B56B}.Debug|x64.ActiveCfg = Debug|x64
		{8487C14E-5DDC-4B19-99A9-C1100965B56B}.Debug|x64.Build.0 = Debug|x64
		{8487C14E-5DDC-4B19-99A9-C1100965B56B}.Debug|x86.ActiveCfg = Debug|Win32
		{8487C14E-5DDC-4B19-99A9-C1100965B56B}.Debug|x86.Build.0 = Debug|Win32
		{8487C14E-5DDC-4B19-99A9-C1100965B56B}.Release|x64.ActiveCfg = Release|x64
		{8487C14E-5DDC-4B19-99A9-C1100965B56B}.Release|x64.Build.0 = Release|x64
		{8487C14E-5DDC-4B19-99A9-C1100965B56B}.Release|x86.ActiveCfg = Release|Win32
		{8487C14E-5DDC-4B19-99A9-C1100965B56B}.Release|x86.Build.0 = Release|Win32
		{2E8264D4-D009-4F7B-A498-E603F561294A}.Debug|x64.ActiveCfg = Debug|x64
		{2E8264D4-D009-4F7B-A498-E603F561294A}.Debug|x64.Build.0 = Debug|x64
		{2E8264D4-D009-4F7B-A498-E603F561294A}.Debug|x86.ActiveCfg = Debug|Win32
		{2E8264D4-D009-4F7B-A498-E603F561294A}.Debug|x86.Build.0 = Debug|Win32
		{2E8264D4-D009-4F7B-A498-E603F561294A}.Release|x64.ActiveCfg = Release|x64
		{2E8264D4-D009-4F7B-A498-E603F561294A}.Release|x64.Build.0 = Release|x64
		{2E8264D4-D009-4F7B-A498-E603F561294A}.Release|x86.ActiveCfg = Release|Win32
		{2E8264D4-D009-4F7B-A498-E603F561294A}.Release|x86.Build.0 = Release|Win32
		{731F8B68-64EA-47EF-A4C8-0EBB5DA5FD63}.Debug|x64.ActiveCfg = Debug|x64
		{731F8B68-64EA-47EF-A4C8-0EBB5DA5FD63}.Debug|x64.Build.0 = Debug|x64
		{731F8B68-64EA-47EF-A4C8-0EBB5DA5FD63}.Debug|x86.ActiveCfg = Debug|Win32
		{731F8B68-64EA-47EF-A4C8-0EBB5DA5FD63}.Debug|x86.Build.0 = Debug|Win32
		{731F8B68-64EA-47EF-A4C8-0EBB5DA5FD63}.Release|x64.ActiveCfg = Release|x64
		{731F8B68-64EA-47EF-A4C8-0EBB5DA5FD63}.Release|x64.Build.0 = Release|x64
		{731F8B68-64EA-47EF-A4C8-0EBB5DA5FD63}.Release|x86.ActiveCfg = Release|Win32
		{731F8B68-64EA-47EF-A4C8-0EBB5DA5FD63}.Release|x86.Build.0 = Release|Win32
		{4CC7714C-19F9-4B87-8B53-B5C17BEDCAB1}.Debug|x64.ActiveCfg = Debug|x64
		{4CC7714C-19F9-4B87-8B53-B5C17BEDCAB1}.Debug|x64.Build.0 = Debug|x64
		{4CC7714C-19F9-4B87-8B53-B5C17BEDCAB1}.Debug|x86.ActiveCfg = Debug|Win32
		{4CC7714C-19F9-4B87-8B53-B5C17BEDCAB1}.Debug|x86.Build.0 = Debug|Win32
		{4CC7714C-19F9-4B87-8B53-B5C17BEDCAB1}.Release|x64.ActiveCfg = Release|x64
		{4CC7714C-19F9-4B87-8B53-B5C17BEDCAB1}.Release|x64.Build.0 = Release|x64
		{4CC7714C-19F9-4B87-8B53-B5C17BEDCAB1}.Release|x86.ActiveCfg = Release|Win32
		{4CC7714C-19F9-4B87-8B53-B5C17BEDCAB1}.Release|x86.Build.0 = Release|Win32
		{5C8320C0-B731-41A2-A223-39487F9537FE}.Debug|x64.ActiveCfg = Debug|x64
		{5C8320C0-B731-41A2-A223-39487F9537FE}.Debug|x64.Build.0 = Debug|x64
		{5C8320C0-B731-41A2-A223-39487F9537FE}.Debug|x86.ActiveCfg = Debug|Win32
		{5C8320C0-B731-41A2-A223-39487F9537FE}.Debug|x86.Build.0 = Debug|Win32
		{5C8320C0-B731-41A2-A223-39487F9537FE}.Release|x64.ActiveCfg = Release|x64
		{5C8320C0-B731-41A2-A223-39487F9537FE}.Release|x64.Build.0 = Release|x64
		{5C8320C0-B731-41A2-A223-39487F9537FE}.Release|x86.ActiveCfg = Release|Win32
		{5C8320C0-B731-41A2-A223-39487F9537FE}.Release|x86.Build.0 = Release|Win32
		{1DA5265D-15D1-48C3-8B81-4FF11E20871B}.Debug|x64.ActiveCfg = Debug|x64
		{1DA5265D-15D1-48C3-8B81-4FF11E20871B}.Debug|x64.Build.0 = Debug|x64
		{1DA5265D-15D1-48C3-8B81-4FF11E20871B}.Debug|x86.ActiveCfg = Debug|Win32
		{1DA5265D-15D1-48C3-8B81-4FF11E20871B}.Debug|x86.Build.0 = Debug|Win32
		{1DA5265D-15D1-48C3-8B81-4FF11E20871B}.Release|x64.ActiveCfg = Release|x64
		{1DA5265D-15D1-48C3-8B81-4FF11E20871B}.Release|x64.Build.0 = Release|x64
		{1DA5265D-15D1-48C3-8B81-4FF11E20871B}.Release|x86.ActiveCfg = Release|Win32
		{1DA5265D-15D1-48C3-8B81-4FF11E20871B}.Release|x86.Build.0 = Release|Win32
		{E1A6B906-3839-42E6-8E08-3687E5636383}.Debug|x64.ActiveCfg = Debug|x64
		{E1A6B906-3839-42E6-8E08-3687E5636383}.Debug|x64.Build.0 = Debug|x64
		{E1A6B906-3839-42E6-8E08-3687E5636383}.Debug|x86.ActiveCfg = Debug|Win32
		{E1A6B906-3839-42E6-8E08-3687E5636383}.Debug|x86.Build.0 = Debug|Win32
		{E1A6B906-3839-42E6-8E08-3687E5636383}.Release|x64.ActiveCfg = Release|x64
		{E1A6B906-3839-42E6-8E08-3687E5636383}.Release|x64.Build.0 = Release|x64
		{E1A6B906-3839-42E6-8E08-3687E5636383}.Release|x86.ActiveCfg = Release|Win32
		{E1A6B906-3839-42E6-8E08-3687E5636383}.Release|x86.Build.0 = Release|Win32
		{81650EE2-CDE2-4972-8538-6FFA0604E2D2}.Debug|x64.ActiveCfg = Debug|x64
		{81650EE2-CDE2-4972-8538-6FFA0604E2D2}.Debug|x64.Build.0 = Debug|x64
		{81650EE2-CDE2-4972-8538-6FFA0604E2D2}.Debug|x86.ActiveCfg = Debug|Win32
		{81650EE2-CDE2-4972-8538-6FFA0604E2D2}.Debug|x86.Build.0 = Debug|Win32
		{81650EE2-CDE2-4972-8538-6FFA0604E2D2}.Release|x64.ActiveCfg = Release|x64
		{81650EE2-CDE2-4972-8538-6FFA0604E2D2}.Release|x64.Build.0 = Release|x64
		{81650EE2-CDE2-4972-8538-6FFA0604E2D2}.Release|x86.ActiveCfg = Release|Win32
		{81650EE2-CDE2-4972-8538-6FFA0604E2D2}.Release|x86.Build.0 = Release|Win32
		{B2359475-F083-4906-BF14-2942727A63A2}.Debug|x64.ActiveCfg = Debug|x64
		{B2359475-F083-4906-BF14-2942727A63A2}.Debug|x64.Build.0 = Debug|x64
		{B2359475-F083-4906-BF14-2942727A63A2}.Debug|x86.ActiveCfg = Debug|Win32
		{B2359475-F083-4906-BF14-2942727A63A2}.Debug|x86.Build.0 = Debug|Win32
		{B2359475-F083-4906-BF14-2942727A63A2}.Release|x64.ActiveCfg = Release|x64
		{B2359475-F083-4906-BF14-2942727A63A2}.Release|x64.Build.0 = Release|x64
		{B2359475-F083-4906-BF14-2942727A63A2}.Release|x86.ActiveCfg = Release|Win32
		{B2359475-F083-4906-BF14-2942727A63A2}.Release|x86.Build.0 = Release|Win32
		{B64B9C7D-E0DC-4C72-AE3F-32418273F113}.Debug|x64.ActiveCfg = Debug|x64
		{B64B9C7D-E0DC-4C72-AE3F-32418273F113}.Debug|x64.Build.0 = Debug|x64
		{B64B9C7D-E0DC-4C72-AE3F-32418273F113}.Debug|x86.ActiveCfg = Debug|Win32
		{B64B9C7D-E0DC-4C72-AE3F-32418273F113}.Debug|x86.Build.0 = Debug|Win32
		{B64B9C7D-E0DC-4C72-AE3F-32418273F113}.Release|x64.ActiveCfg = Release|x64
		{B64B9C7D-E0DC-4C72-AE3F-32418273F113}.Release|x64.Build.0 = Release|x64
		{B64B9C7D-E0DC-4C72-AE3F-32418273F113}.Release|x86.ActiveCfg = Release|Win32
		{B64B9C7D-E0DC-4C72-AE3F-32418273F113}.Release|x86.Build.0 = Release|Win32
		{5725887A-454D-44D6-BC5B-0921F42AE98A}.Debug|x64.ActiveCfg = Debug|x64
		{5725887A-454D-44D6-BC5B-0921F42AE98A}.Debug|x64.Build.0 = Debug|x64
		{5725887A-454D-44D6-BC5B-0921F42AE98A}.Debug|x86.ActiveCfg = Debug|Win32
		{5725887A-454D-44D6-BC5B-0921F42AE98A}.Debug|x86.Build.0 = Debug|Win32
		{5725887A-454D-44D6-BC5B-0921F42AE98A}.Release|x64.ActiveCfg = Release|x64
		{5725887A-454D-44D6-BC5B-0921F42AE98A}.Release|x64.Build.0 = Release|x64
		{5725887A-454D-44D6-BC5B-0921F42AE98A}.Release|x86.ActiveCfg = Release|Win32
		{5725887A-454D-44D6-BC5B-0921F42AE98A}.Release|x86.Build.0 = Release|Win32
		{BED7861A-5C47-445A-98EA-4F562D96F39B}.Debug|x64.ActiveCfg = Debug|x64
		{BED7861A-5C47-445A-98EA-4F562D96F39B}.Debug|x64.Build.0 = Debug|x64
		{BED7861A-5C47-445A-98EA-4F562D96F39B}.Debug|x86.ActiveCfg = Debug|Win32
		{BED7861A-5C47-445A-98EA-4F562D96F39B}.Debug|x86.Build.0 = Debug|Win32
		{BED7861A-5C47-445A-98EA-4F562D96F39B}.Release|x64.ActiveCfg = Release|x64
		{BED7861A-5C47-445A-98EA-4F562D96F39B}.Release|x64.Build.0 = Release|x64
		{BED7861A-5C47-445A-98EA-4F562D96F39B}.Release|x86.ActiveCfg = Release|Win32
		{BED7861A-5C47-445A-98EA-4F562D96F39B}.Release|x86.Build.0 = Release|Win32
		{B386D710-411D-4171-BA44-8CF591B42AC4}.Debug|x64.ActiveCfg = Debug|x64
		{B386D710-411D-4171-BA44-8CF591B42AC4}.Debug|x64.Build.0 = Debug|x64
		{B386D710-411D-4171-BA44-8CF591B42AC4}.Debug|x86.ActiveCfg = Debug|Win32
		{B386D710-411D-4171-BA44-8CF591B42AC4}.Debug|x86.Build.0 = Debug|Win32
		{B386D710-411D-4171-BA44-8CF591B42AC4}.Release|x64.ActiveCfg = Release|x64
		{B386D710-411D-4171-BA44-8CF591B42AC4}.Release|x64.Build.0 = Release|x64
		{B386D710-411D-4171-BA44-8CF591B42AC4}.Release|x86.ActiveCfg = Release|Win32
		{B386D710-411D-4171-BA44-8CF591B42AC4}.Release|x86.Build.0 = Release|Win32
		{3EC99A6B-321B-4E93-A32E-2BB03079F40B}.Debug|x64.ActiveCfg = Debug|x64
		{3EC99A6B-321B-4E93-A32E-2BB03079F40B}.Debug|x64.Build.0 = Debug|x64
		{3EC99A6B-321B-4E93-A32E-2BB03079F40B}.Debug|x86.ActiveCfg = Debug|Win32
		{3EC99A6B-321B-4E93-A32E-2BB03079F40B}.Debug|x86.Build.0 = Debug|Win32
		{3EC99A6B-321B-4E93-A32E-2BB03079F40B}.Release|x64.ActiveCfg = Release|x64
		{3EC99A6B-321B-4E93-A32E-2BB03079F40B}.Release|x64.Build.0 = Release|x64
		{3EC99A6B-321B-4E93-A32E-2BB03079F40B}.Release|x86.ActiveCfg = Release|Win32
		{3EC99A6B-321B-4E93-A32E-2BB03079F40B}.Release|x86.Build.0 = Release|Win32
	EndGlobalSection
	GlobalSection(SolutionProperties) = preSolution
		HideSolutionNode = FALSE
	EndGlobalSection
	GlobalSection(ExtensibilityGlobals) = postSolution
		SolutionGuid = {5A37C2FA-81FE-4938-AAC9-EBA45D76C286}
	EndGlobalSection
EndGlobal
